
Microsoft Visual Studio Solution File, Format Version 12.00
# Visual Studio 2013
VisualStudioVersion = 12.0.21005.1
MinimumVisualStudioVersion = 10.0.40219.1
Project("{FAE04EC0-301F-11D3-BF4B-00C04F79EFBC}") = "OpenOrderFramework", "OpenOrderFramework\OpenOrderFramework.csproj", "{B71DC31D-F4D4-4464-9803-B8FB9BCF93D0}"
	ProjectSection(ProjectDependencies) = postProject
		{2863CC49-833F-41DF-A37B-D36CD97BD0A7} = {2863CC49-833F-41DF-A37B-D36CD97BD0A7}
	EndProjectSection
EndProject
Project("{FAE04EC0-301F-11D3-BF4B-00C04F79EFBC}") = "OpenOrderFramework.Tests", "OpenOrderFramework.Tests\OpenOrderFramework.Tests.csproj", "{A51E72A7-5C16-4452-A58D-869B31D32473}"
EndProject
Project("{FAE04EC0-301F-11D3-BF4B-00C04F79EFBC}") = "Resources", "Resources\Resources.csproj", "{2863CC49-833F-41DF-A37B-D36CD97BD0A7}"
EndProject
Project("{FAE04EC0-301F-11D3-BF4B-00C04F79EFBC}") = "APITest", "APITest\APITest.csproj", "{63EC7DCE-BD84-4CE4-92E1-3C65963487EE}"
EndProject
Global
	GlobalSection(SolutionConfigurationPlatforms) = preSolution
		Debug|Any CPU = Debug|Any CPU
		Release|Any CPU = Release|Any CPU
	EndGlobalSection
	GlobalSection(ProjectConfigurationPlatforms) = postSolution
		{B71DC31D-F4D4-4464-9803-B8FB9BCF93D0}.Debug|Any CPU.ActiveCfg = Debug|Any CPU
		{B71DC31D-F4D4-4464-9803-B8FB9BCF93D0}.Debug|Any CPU.Build.0 = Debug|Any CPU
		{B71DC31D-F4D4-4464-9803-B8FB9BCF93D0}.Release|Any CPU.ActiveCfg = Release|Any CPU
		{B71DC31D-F4D4-4464-9803-B8FB9BCF93D0}.Release|Any CPU.Build.0 = Release|Any CPU
		{A51E72A7-5C16-4452-A58D-869B31D32473}.Debug|Any CPU.ActiveCfg = Debug|Any CPU
		{A51E72A7-5C16-4452-A58D-869B31D32473}.Debug|Any CPU.Build.0 = Debug|Any CPU
		{A51E72A7-5C16-4452-A58D-869B31D32473}.Release|Any CPU.ActiveCfg = Release|Any CPU
		{A51E72A7-5C16-4452-A58D-869B31D32473}.Release|Any CPU.Build.0 = Release|Any CPU
		{2863CC49-833F-41DF-A37B-D36CD97BD0A7}.Debug|Any CPU.ActiveCfg = Debug|Any CPU
		{2863CC49-833F-41DF-A37B-D36CD97BD0A7}.Debug|Any CPU.Build.0 = Debug|Any CPU
		{2863CC49-833F-41DF-A37B-D36CD97BD0A7}.Release|Any CPU.ActiveCfg = Release|Any CPU
		{2863CC49-833F-41DF-A37B-D36CD97BD0A7}.Release|Any CPU.Build.0 = Release|Any CPU
		{63EC7DCE-BD84-4CE4-92E1-3C65963487EE}.Debug|Any CPU.ActiveCfg = Debug|Any CPU
		{63EC7DCE-BD84-4CE4-92E1-3C65963487EE}.Debug|Any CPU.Build.0 = Debug|Any CPU
		{63EC7DCE-BD84-4CE4-92E1-3C65963487EE}.Release|Any CPU.ActiveCfg = Release|Any CPU
		{63EC7DCE-BD84-4CE4-92E1-3C65963487EE}.Release|Any CPU.Build.0 = Release|Any CPU
	EndGlobalSection
	GlobalSection(SolutionProperties) = preSolution
		HideSolutionNode = FALSE
	EndGlobalSection
EndGlobal
